
Microsoft Visual Studio Solution File, Format Version 12.00
# Visual Studio Version 17
VisualStudioVersion = 17.13.35919.96
MinimumVisualStudioVersion = 10.0.40219.1
Project("{FAE04EC0-301F-11D3-BF4B-00C04F79EFBC}") = "Delegates", "Delegates\Delegates.csproj", "{7EA1C0A7-138A-4532-A814-85F03ABC9987}"
EndProject
Project("{FAE04EC0-301F-11D3-BF4B-00C04F79EFBC}") = "passing_func_As_params", "passing_func_As_params\passing_func_As_params.csproj", "{5F349344-0AEE-4BF5-9587-E063A2A7A580}"
EndProject
Project("{FAE04EC0-301F-11D3-BF4B-00C04F79EFBC}") = "Multicast_Delegates", "Multicast_Delegates\Multicast_Delegates.csproj", "{6105F678-F9B7-4735-897E-12209B92405D}"
EndProject
Global
	GlobalSection(SolutionConfigurationPlatforms) = preSolution
		Debug|Any CPU = Debug|Any CPU
		Release|Any CPU = Release|Any CPU
	EndGlobalSection
	GlobalSection(ProjectConfigurationPlatforms) = postSolution
		{7EA1C0A7-138A-4532-A814-85F03ABC9987}.Debug|Any CPU.ActiveCfg = Debug|Any CPU
		{7EA1C0A7-138A-4532-A814-85F03ABC9987}.Debug|Any CPU.Build.0 = Debug|Any CPU
		{7EA1C0A7-138A-4532-A814-85F03ABC9987}.Release|Any CPU.ActiveCfg = Release|Any CPU
		{7EA1C0A7-138A-4532-A814-85F03ABC9987}.Release|Any CPU.Build.0 = Release|Any CPU
		{5F349344-0AEE-4BF5-9587-E063A2A7A580}.Debug|Any CPU.ActiveCfg = Debug|Any CPU
		{5F349344-0AEE-4BF5-9587-E063A2A7A580}.Debug|Any CPU.Build.0 = Debug|Any CPU
		{5F349344-0AEE-4BF5-9587-E063A2A7A580}.Release|Any CPU.ActiveCfg = Release|Any CPU
		{5F349344-0AEE-4BF5-9587-E063A2A7A580}.Release|Any CPU.Build.0 = Release|Any CPU
		{6105F678-F9B7-4735-897E-12209B92405D}.Debug|Any CPU.ActiveCfg = Debug|Any CPU
		{6105F678-F9B7-4735-897E-12209B92405D}.Debug|Any CPU.Build.0 = Debug|Any CPU
		{6105F678-F9B7-4735-897E-12209B92405D}.Release|Any CPU.ActiveCfg = Release|Any CPU
		{6105F678-F9B7-4735-897E-12209B92405D}.Release|Any CPU.Build.0 = Release|Any CPU
	EndGlobalSection
	GlobalSection(SolutionProperties) = preSolution
		HideSolutionNode = FALSE
	EndGlobalSection
	GlobalSection(ExtensibilityGlobals) = postSolution
		SolutionGuid = {719E6B17-4154-4D08-B39B-D306B2465360}
	EndGlobalSection
EndGlobal
